<?xml version="1.0" encoding="utf-8"?>
<Project ToolsVersion="4.0" xmlns="http://schemas.microsoft.com/developer/msbuild/2003">
  <ItemGroup>
    <Filter Include="Source Files">
      <UniqueIdentifier>{4FC737F1-C7A5-4376-A066-2A32D752A2FF}</UniqueIdentifier>
      <Extensions>cpp;c;cc;cxx;c++;cppm;ixx;def;odl;idl;hpj;bat;asm;asmx</Extensions>
    </Filter>
    <Filter Include="Header Files">
      <UniqueIdentifier>{93995380-89BD-4b04-88EB-625FBE52EBFB}</UniqueIdentifier>
      <Extensions>h;hh;hpp;hxx;h++;hm;inl;inc;ipp;xsd</Extensions>
    </Filter>
    <Filter Include="Resource Files">
      <UniqueIdentifier>{67DA6AB6-F800-4c08-8B7A-83BB121AAD01}</UniqueIdentifier>
      <Extensions>rc;ico;cur;bmp;dlg;rc2;rct;bin;rgs;gif;jpg;jpeg;jpe;resx;tiff;tif;png;wav;mfcribbon-ms</Extensions>
    </Filter>
    <Filter Include="Source Files\game">
      <UniqueIdentifier>{fc6c9269-e26d-49cd-8d38-0ddb02fd74b8}</UniqueIdentifier>
    </Filter>
    <Filter Include="Header Files\engine">
      <UniqueIdentifier>{eedad7a9-1d30-4892-908a-ff7844b80dc6}</UniqueIdentifier>
    </Filter>
    <Filter Include="Header Files\game">
      <UniqueIdentifier>{3830de96-69ff-48ff-b65e-7a3fe797f61b}</UniqueIdentifier>
    </Filter>
    <Filter Include="Source Files\engine">
      <UniqueIdentifier>{8a8505c9-91ef-4dfe-beff-559a0d790a40}</UniqueIdentifier>
    </Filter>
    <Filter Include="Header Files\engine\ui">
      <UniqueIdentifier>{1ce4664e-3636-4d51-9f16-341ecb0bcd0e}</UniqueIdentifier>
    </Filter>
    <Filter Include="Source Files\engine\ui">
      <UniqueIdentifier>{16a9f6cf-f7ab-430b-bb5c-6e4de3a28629}</UniqueIdentifier>
    </Filter>
    <Filter Include="Header Files\engine\sdl">
      <UniqueIdentifier>{b72717b5-706d-4c7f-a3dd-da470c6f113b}</UniqueIdentifier>
    </Filter>
    <Filter Include="Source Files\engine\sdl">
      <UniqueIdentifier>{a566431d-36f7-49cb-b6ae-4c2522d0c9f2}</UniqueIdentifier>
    </Filter>
    <Filter Include="Header Files\game\states">
      <UniqueIdentifier>{8a0b4eed-8c7e-442e-842f-7786493a81f2}</UniqueIdentifier>
    </Filter>
    <Filter Include="Source Files\game\states">
      <UniqueIdentifier>{22704fc0-030c-48b9-9914-1ea125d5d6ea}</UniqueIdentifier>
    </Filter>
    <Filter Include="Header Files\game\world">
      <UniqueIdentifier>{361a4227-b740-4600-a966-328a5b7c3e32}</UniqueIdentifier>
    </Filter>
    <Filter Include="Source Files\game\world">
      <UniqueIdentifier>{6d97d97f-ba3e-40bf-8c44-054dba0579a4}</UniqueIdentifier>
    </Filter>
    <Filter Include="Header Files\game\util">
      <UniqueIdentifier>{91db0a85-77a4-4ece-9b6f-646c7bf6b2c9}</UniqueIdentifier>
    </Filter>
    <Filter Include="Source Files\game\util">
      <UniqueIdentifier>{05249b06-8312-4c37-b7b9-8e98ff92a248}</UniqueIdentifier>
    </Filter>
    <Filter Include="Header Files\engine\types">
      <UniqueIdentifier>{65987543-b9a5-47a5-a0cd-2917801c83a5}</UniqueIdentifier>
    </Filter>
    <Filter Include="Source Files\engine\types">
      <UniqueIdentifier>{d0909b6b-7f56-4827-a0d4-72d8866af225}</UniqueIdentifier>
    </Filter>
  </ItemGroup>
  <ItemGroup>
    <ClCompile Include="main.cpp">
      <Filter>Source Files</Filter>
    </ClCompile>
    <ClCompile Include="engine\sdl\color.cpp">
      <Filter>Source Files\engine\sdl</Filter>
    </ClCompile>
    <ClCompile Include="engine\sdl\surface.cpp">
      <Filter>Source Files\engine\sdl</Filter>
    </ClCompile>
    <ClCompile Include="engine\ui\border.cpp">
      <Filter>Source Files\engine\ui</Filter>
    </ClCompile>
    <ClCompile Include="engine\types\point.cpp">
      <Filter>Source Files\engine\types</Filter>
    </ClCompile>
    <ClCompile Include="engine\types\characters.cpp">
      <Filter>Source Files\engine\types</Filter>
    </ClCompile>
    <ClCompile Include="engine\types\size.cpp">
      <Filter>Source Files\engine\types</Filter>
    </ClCompile>
    <ClCompile Include="game\config.cpp">
      <Filter>Source Files\game</Filter>
    </ClCompile>
    <ClCompile Include="game\util\random.cpp">
      <Filter>Source Files\game\util</Filter>
    </ClCompile>
    <ClCompile Include="game\game.cpp">
      <Filter>Source Files</Filter>
    </ClCompile>
    <ClCompile Include="engine\sdl\window.cpp">
      <Filter>Source Files\engine\sdl</Filter>
    </ClCompile>
    <ClCompile Include="engine\types\rect.cpp">
      <Filter>Source Files\engine\types</Filter>
    </ClCompile>
    <ClCompile Include="engine\ui\label.cpp">
      <Filter>Source Files\engine\ui</Filter>
    </ClCompile>
    <ClCompile Include="engine\ui\button.cpp">
      <Filter>Source Files\engine\ui</Filter>
    </ClCompile>
    <ClCompile Include="engine\ui\ui.cpp">
      <Filter>Source Files\engine\ui</Filter>
    </ClCompile>
  </ItemGroup>
  <ItemGroup>
    <ClInclude Include="engine\sdl\glyph.h">
      <Filter>Header Files\engine\sdl</Filter>
    </ClInclude>
    <ClInclude Include="engine\sdl\color.h">
      <Filter>Header Files\engine\sdl</Filter>
    </ClInclude>
    <ClInclude Include="engine\sdl\surface.h">
      <Filter>Header Files\engine\sdl</Filter>
    </ClInclude>
    <ClInclude Include="engine\sdl\window.h">
      <Filter>Header Files\engine\sdl</Filter>
    </ClInclude>
    <ClInclude Include="engine\ui\border.h">
      <Filter>Header Files\engine\ui</Filter>
    </ClInclude>
    <ClInclude Include="engine\types\characters.h">
      <Filter>Header Files\engine\types</Filter>
    </ClInclude>
    <ClInclude Include="engine\types\point.h">
      <Filter>Header Files\engine\types</Filter>
    </ClInclude>
    <ClInclude Include="engine\ascii_engine.h">
      <Filter>Header Files\engine</Filter>
    </ClInclude>
    <ClInclude Include="engine\ui\ui.h">
      <Filter>Header Files\engine\ui</Filter>
    </ClInclude>
    <ClInclude Include="engine\types\size.h">
      <Filter>Header Files\engine\types</Filter>
    </ClInclude>
    <ClInclude Include="engine\ui\ui_element.h">
      <Filter>Header Files\engine\ui</Filter>
    </ClInclude>
    <ClInclude Include="game\states\state.h">
      <Filter>Source Files\game\states</Filter>
    </ClInclude>
    <ClInclude Include="game\states\state_manager.h">
      <Filter>Source Files\game\states</Filter>
    </ClInclude>
    <ClInclude Include="game\config.h">
      <Filter>Header Files\game</Filter>
    </ClInclude>
    <ClInclude Include="game\game.h">
      <Filter>Header Files\game</Filter>
    </ClInclude>
    <ClInclude Include="game\util\random.h">
      <Filter>Header Files\game\util</Filter>
    </ClInclude>
    <ClInclude Include="engine\types\rect.h">
      <Filter>Header Files\engine\types</Filter>
    </ClInclude>
    <ClInclude Include="engine\ui\label.h">
      <Filter>Header Files\engine\ui</Filter>
    </ClInclude>
    <ClInclude Include="engine\ui\button.h">
      <Filter>Header Files\engine\ui</Filter>
    </ClInclude>
    <ClInclude Include="engine\ui\menu.h">
      <Filter>Header Files\engine\ui</Filter>
    </ClInclude>
  </ItemGroup>
</Project>